
Microsoft Visual Studio Solution File, Format Version 12.00
# Visual Studio Version 16
VisualStudioVersion = 16.0.32228.343
MinimumVisualStudioVersion = 10.0.40219.1
Project("{8BC9CEB8-8B4A-11D0-8D11-00A0C91BC942}") = "02", "02\02.vcxproj", "{30B5DD2B-571D-4D19-A951-517A7D8D991F}"
EndProject
Project("{8BC9CEB8-8B4A-11D0-8D11-00A0C91BC942}") = "02libS", "02libS\02libS.vcxproj", "{D43DEC25-603A-4772-94CE-3A5A5C43B8F3}"
EndProject
Global
	GlobalSection(SolutionConfigurationPlatforms) = preSolution
		Debug|x64 = Debug|x64
		Debug|x86 = Debug|x86
		Release|x64 = Release|x64
		Release|x86 = Release|x86
	EndGlobalSection
	GlobalSection(ProjectConfigurationPlatforms) = postSolution
		{30B5DD2B-571D-4D19-A951-517A7D8D991F}.Debug|x64.ActiveCfg = Debug|x64
		{30B5DD2B-571D-4D19-A951-517A7D8D991F}.Debug|x64.Build.0 = Debug|x64
		{30B5DD2B-571D-4D19-A951-517A7D8D991F}.Debug|x86.ActiveCfg = Debug|Win32
		{30B5DD2B-571D-4D19-A951-517A7D8D991F}.Debug|x86.Build.0 = Debug|Win32
		{30B5DD2B-571D-4D19-A951-517A7D8D991F}.Release|x64.ActiveCfg = Release|x64
		{30B5DD2B-571D-4D19-A951-517A7D8D991F}.Release|x64.Build.0 = Release|x64
		{30B5DD2B-571D-4D19-A951-517A7D8D991F}.Release|x86.ActiveCfg = Release|Win32
		{30B5DD2B-571D-4D19-A951-517A7D8D991F}.Release|x86.Build.0 = Release|Win32
		{D43DEC25-603A-4772-94CE-3A5A5C43B8F3}.Debug|x64.ActiveCfg = Debug|x64
		{D43DEC25-603A-4772-94CE-3A5A5C43B8F3}.Debug|x64.Build.0 = Debug|x64
		{D43DEC25-603A-4772-94CE-3A5A5C43B8F3}.Debug|x86.ActiveCfg = Debug|Win32
		{D43DEC25-603A-4772-94CE-3A5A5C43B8F3}.Debug|x86.Build.0 = Debug|Win32
		{D43DEC25-603A-4772-94CE-3A5A5C43B8F3}.Release|x64.ActiveCfg = Release|x64
		{D43DEC25-603A-4772-94CE-3A5A5C43B8F3}.Release|x64.Build.0 = Release|x64
		{D43DEC25-603A-4772-94CE-3A5A5C43B8F3}.Release|x86.ActiveCfg = Release|Win32
		{D43DEC25-603A-4772-94CE-3A5A5C43B8F3}.Release|x86.Build.0 = Release|Win32
	EndGlobalSection
	GlobalSection(SolutionProperties) = preSolution
		HideSolutionNode = FALSE
	EndGlobalSection
	GlobalSection(ExtensibilityGlobals) = postSolution
		SolutionGuid = {CF895640-F75D-4B7C-B150-B0F3138BC130}
	EndGlobalSection
EndGlobal
